
Microsoft Visual Studio Solution File, Format Version 12.00
# Visual Studio Version 16
VisualStudioVersion = 16.0.29728.190
MinimumVisualStudioVersion = 10.0.40219.1
Project("{9A19103F-16F7-4668-BE54-9A1E7A4F7556}") = "msgraph", "msgraph.csproj", "{2EFFD4F6-6FB2-477A-BBAB-C39F8B7B913B}"
EndProject
Global
	GlobalSection(SolutionConfigurationPlatforms) = preSolution
		Debug|Any CPU = Debug|Any CPU
		Release|Any CPU = Release|Any CPU
	EndGlobalSection
	GlobalSection(ProjectConfigurationPlatforms) = postSolution
		{2EFFD4F6-6FB2-477A-BBAB-C39F8B7B913B}.Debug|Any CPU.ActiveCfg = Debug|Any CPU
		{2EFFD4F6-6FB2-477A-BBAB-C39F8B7B913B}.Debug|Any CPU.Build.0 = Debug|Any CPU
		{2EFFD4F6-6FB2-477A-BBAB-C39F8B7B913B}.Release|Any CPU.ActiveCfg = Release|Any CPU
		{2EFFD4F6-6FB2-477A-BBAB-C39F8B7B913B}.Release|Any CPU.Build.0 = Release|Any CPU
	EndGlobalSection
	GlobalSection(SolutionProperties) = preSolution
		HideSolutionNode = FALSE
	EndGlobalSection
	GlobalSection(ExtensibilityGlobals) = postSolution
		SolutionGuid = {A94CD9D0-2F75-4A95-95E9-3B81F9545E17}
	EndGlobalSection
EndGlobal
